
Microsoft Visual Studio Solution File, Format Version 12.00
# Visual Studio Version 17
VisualStudioVersion = 17.3.32819.101
MinimumVisualStudioVersion = 10.0.40219.1
Project("{FAE04EC0-301F-11D3-BF4B-00C04F79EFBC}") = "ClassRoster Refactored", "ClassRoster Refactored\ClassRoster Refactored.csproj", "{1ECADE5E-9434-40A4-BFCA-7F3A1367DDE0}"
EndProject
Global
	GlobalSection(SolutionConfigurationPlatforms) = preSolution
		Debug|Any CPU = Debug|Any CPU
		Release|Any CPU = Release|Any CPU
	EndGlobalSection
	GlobalSection(ProjectConfigurationPlatforms) = postSolution
		{1ECADE5E-9434-40A4-BFCA-7F3A1367DDE0}.Debug|Any CPU.ActiveCfg = Debug|Any CPU
		{1ECADE5E-9434-40A4-BFCA-7F3A1367DDE0}.Debug|Any CPU.Build.0 = Debug|Any CPU
		{1ECADE5E-9434-40A4-BFCA-7F3A1367DDE0}.Release|Any CPU.ActiveCfg = Release|Any CPU
		{1ECADE5E-9434-40A4-BFCA-7F3A1367DDE0}.Release|Any CPU.Build.0 = Release|Any CPU
	EndGlobalSection
	GlobalSection(SolutionProperties) = preSolution
		HideSolutionNode = FALSE
	EndGlobalSection
	GlobalSection(ExtensibilityGlobals) = postSolution
		SolutionGuid = {721FAD29-8831-44F0-894D-215C477EB3B0}
	EndGlobalSection
EndGlobal
